// !$*UTF8*$!
{
	archiveVersion = 1;
	classes = {
	};
	objectVersion = 46;
	objects = {

/* Begin PBXBuildFile section */
		0207DA581B56EA530066E2B4 /* Images.xcassets in Resources */ = {isa = PBXBuildFile; fileRef = 0207DA571B56EA530066E2B4 /* Images.xcassets */; };
		02583C62A2D640BD8CAAC727 /* sqlite3.c in Sources */ = {isa = PBXBuildFile; fileRef = 98F0E2C5FAC74AA4BD51629D /* sqlite3.c */; settings = {COMPILER_FLAGS = "-w -DSQLITE_THREADSAFE=1 -DSQLITE_DEFAULT_MEMSTATUS=0 -DSQLITE_OMIT_DECLTYPE -DSQLITE_OMIT_DEPRECATED -DSQLITE_OMIT_PROGRESS_CALLBACK -DSQLITE_OMIT_SHARED_CACHE -DSQLITE_TEMP_STORE=2 -DSQLITE_OMIT_LOAD_EXTENSION -DSQLITE_ENABLE_FTS3 -DSQLITE_ENABLE_FTS3_PARENTHESIS -DSQLITE_ENABLE_FTS4 -DSQLITE_ENABLE_RTREE -DSQLITE_DEFAULT_PAGE_SIZE=1024 -DSQLITE_DEFAULT_CACHE_SIZE=2000"; }; };
		043D3D47E0884D4B843C7F05 /* UNNotificationRequest+APPLocalNotification.m in Sources */ = {isa = PBXBuildFile; fileRef = 5D76426C9E884522B4AFF633 /* UNNotificationRequest+APPLocalNotification.m */; };
		0E1336BE4E094B9691ABB281 /* GoogleInterchangeUtilities.framework in Frameworks */ = {isa = PBXBuildFile; fileRef = 749072A339614F45A43082A7 /* GoogleInterchangeUtilities.framework */; };
		0FC9C8D1E9E74A338134C80F /* AppDelegate+APPAppEvent.m in Sources */ = {isa = PBXBuildFile; fileRef = 5FD55B748A80492A899D51D5 /* AppDelegate+APPAppEvent.m */; };
		11935B4A9EB94447A70075A0 /* FirebaseInstanceID.framework in Frameworks */ = {isa = PBXBuildFile; fileRef = 70F659CDEF8E491280DDE52A /* FirebaseInstanceID.framework */; };
		16CF73CFF70F4927900B44A7 /* CDVPlugin+APPAppEvent.m in Sources */ = {isa = PBXBuildFile; fileRef = D789B691084040EAA28886E7 /* CDVPlugin+APPAppEvent.m */; };
		1D3623260D0F684500981E51 /* AppDelegate.m in Sources */ = {isa = PBXBuildFile; fileRef = 1D3623250D0F684500981E51 /* AppDelegate.m */; };
		1D60589B0D05DD56006BFB54 /* main.m in Sources */ = {isa = PBXBuildFile; fileRef = 29B97316FDCFA39411CA2CEA /* main.m */; };
		2AF0BB4D77FC40E79F181682 /* APPLocalNotificationOptions.ios9.m in Sources */ = {isa = PBXBuildFile; fileRef = E8CB4936E4174CD3A9A653B9 /* APPLocalNotificationOptions.ios9.m */; };
		301BF552109A68D80062928A /* libCordova.a in Frameworks */ = {isa = PBXBuildFile; fileRef = 301BF535109A57CC0062928A /* libCordova.a */; };
		302D95F114D2391D003F00A1 /* MainViewController.m in Sources */ = {isa = PBXBuildFile; fileRef = 302D95EF14D2391D003F00A1 /* MainViewController.m */; };
		302D95F214D2391D003F00A1 /* MainViewController.xib in Resources */ = {isa = PBXBuildFile; fileRef = 302D95F014D2391D003F00A1 /* MainViewController.xib */; };
		4542569D2ECD4DA4A5480473 /* libc++.tbd in Frameworks */ = {isa = PBXBuildFile; fileRef = DC50C718F69F4C41B76CA219 /* libc++.tbd */; };
		4CF995B0968F408182741355 /* libsqlite3.0.tbd in Frameworks */ = {isa = PBXBuildFile; fileRef = 8E124EC8253E42B6B28EBECD /* libsqlite3.0.tbd */; };
		52E37F4EA3BC446086048EB2 /* libz.tbd in Frameworks */ = {isa = PBXBuildFile; fileRef = 92990576C44D40BD9EDA8A96 /* libz.tbd */; };
		5EB2AAED492545E68FF194F9 /* FCMPlugin.m in Sources */ = {isa = PBXBuildFile; fileRef = 4CCFB77758EC445EB9F5FBF8 /* FCMPlugin.m */; };
		6AFF5BF91D6E424B00AB3073 /* CDVLaunchScreen.storyboard in Resources */ = {isa = PBXBuildFile; fileRef = 6AFF5BF81D6E424B00AB3073 /* CDVLaunchScreen.storyboard */; };
		6CAF7AF8940E4A5E8CA8FEAC /* FirebaseMessaging.framework in Frameworks */ = {isa = PBXBuildFile; fileRef = 93C6B7DA903C4925AC0A8D9E /* FirebaseMessaging.framework */; };
		8953B11E204DE34E00C55128 /* StoreKit.framework in Frameworks */ = {isa = PBXBuildFile; fileRef = 8953B11D204DE34E00C55128 /* StoreKit.framework */; };
		8BC310B96B394B87807B92F2 /* GoogleSymbolUtilities.framework in Frameworks */ = {isa = PBXBuildFile; fileRef = EC07FB532E294EFC88AD41B7 /* GoogleSymbolUtilities.framework */; };
		9B112F354B304DBB889D551B /* GoogleIPhoneUtilities.framework in Frameworks */ = {isa = PBXBuildFile; fileRef = 642D766C8DA142C8BC4D8DFE /* GoogleIPhoneUtilities.framework */; };
		9BF6211FB6E2439F979E9210 /* CDVStatusBar.m in Sources */ = {isa = PBXBuildFile; fileRef = 9CBC6644EF044FA58A8FCB60 /* CDVStatusBar.m */; };
		9FCF0124D0FC43D7B0EEBA5C /* UIApplication+APPLocalNotification.ios9.m in Sources */ = {isa = PBXBuildFile; fileRef = 8E2F6341B1FB4045A0C14515 /* UIApplication+APPLocalNotification.ios9.m */; };
		A66D81844708421395CE25A5 /* PSPDFThreadSafeMutableDictionary.m in Sources */ = {isa = PBXBuildFile; fileRef = A282AF1A089A4EB88FA7D9D1 /* PSPDFThreadSafeMutableDictionary.m */; settings = {COMPILER_FLAGS = "-w"; }; };
		A6B56622F51A49CC8E8F0590 /* Security.framework in Frameworks */ = {isa = PBXBuildFile; fileRef = DA833CAABD3E439F989DF625 /* Security.framework */; };
		A9365BBF780849F4904D00F6 /* GoogleService-Info.plist in Resources */ = {isa = PBXBuildFile; fileRef = BEC31EB1FE94426A86B6C7F2 /* GoogleService-Info.plist */; };
		ABB3729C24B849B3A829236C /* APPLocalNotification.m in Sources */ = {isa = PBXBuildFile; fileRef = 5F4D0BAD9C754D7EB1BDE928 /* APPLocalNotification.m */; };
		B47DC3F622FC421B89DBD92C /* UNUserNotificationCenter+APPLocalNotification.m in Sources */ = {isa = PBXBuildFile; fileRef = 0509441B3B064A989ED1920A /* UNUserNotificationCenter+APPLocalNotification.m */; };
		B85FB9DFEE27420381650197 /* UserNotifications.framework in Frameworks */ = {isa = PBXBuildFile; fileRef = C5A5E4BE112749B7B35954FD /* UserNotifications.framework */; };
		B996AA02BC034E66ADC31B41 /* GoogleUtilities.framework in Frameworks */ = {isa = PBXBuildFile; fileRef = 6C98A51C8D7C4D9B9713BF48 /* GoogleUtilities.framework */; };
		C0934D0089E246BE9270FD30 /* UNMutableNotificationContent+APPLocalNotification.m in Sources */ = {isa = PBXBuildFile; fileRef = 3B71218221664E27808BBD67 /* UNMutableNotificationContent+APPLocalNotification.m */; };
		C261C6F5848A4D028D79984F /* AppDelegate+FCMPlugin.m in Sources */ = {isa = PBXBuildFile; fileRef = B3CCAF4165734FD4BE3988B8 /* AppDelegate+FCMPlugin.m */; };
		CB501A5FA2984B37B1DD51CF /* FirebaseCore.framework in Frameworks */ = {isa = PBXBuildFile; fileRef = FC31999646B7475EB1774E5D /* FirebaseCore.framework */; };
		CDBB7A94DB8149188794F776 /* CDVDevice.m in Sources */ = {isa = PBXBuildFile; fileRef = 57667733D95642D2A6452498 /* CDVDevice.m */; };
		E76F473481184E93B1C07C2F /* UILocalNotification+APPLocalNotification.ios9.m in Sources */ = {isa = PBXBuildFile; fileRef = 1D787B2A0625455D8D55F3F6 /* UILocalNotification+APPLocalNotification.ios9.m */; };
		E94C20FCD1394A85A2B37533 /* APPLocalNotificationOptions.m in Sources */ = {isa = PBXBuildFile; fileRef = 53370CFAA9F048B8B085B1D1 /* APPLocalNotificationOptions.m */; };
		EC7FAA2D8F8C454B95602424 /* AddressBook.framework in Frameworks */ = {isa = PBXBuildFile; fileRef = 7C55106EFBD143EAAF6E572B /* AddressBook.framework */; };
		F50CAE32CF5844C3AC7ACE72 /* FirebaseAnalytics.framework in Frameworks */ = {isa = PBXBuildFile; fileRef = EBDEFAD00BD4470A945777B1 /* FirebaseAnalytics.framework */; };
		FCAC6D53DCFC4CE19C2F0B38 /* SQLitePlugin.m in Sources */ = {isa = PBXBuildFile; fileRef = F5B6B14F68424F82BE52FD89 /* SQLitePlugin.m */; };
/* End PBXBuildFile section */

/* Begin PBXContainerItemProxy section */
		301BF534109A57CC0062928A /* PBXContainerItemProxy */ = {
			isa = PBXContainerItemProxy;
			containerPortal = 301BF52D109A57CC0062928A /* CordovaLib.xcodeproj */;
			proxyType = 2;
			remoteGlobalIDString = D2AAC07E0554694100DB518D;
			remoteInfo = CordovaLib;
		};
		301BF550109A68C00062928A /* PBXContainerItemProxy */ = {
			isa = PBXContainerItemProxy;
			containerPortal = 301BF52D109A57CC0062928A /* CordovaLib.xcodeproj */;
			proxyType = 1;
			remoteGlobalIDString = D2AAC07D0554694100DB518D;
			remoteInfo = CordovaLib;
		};
		8953B11A204DD93700C55128 /* PBXContainerItemProxy */ = {
			isa = PBXContainerItemProxy;
			containerPortal = 301BF52D109A57CC0062928A /* CordovaLib.xcodeproj */;
			proxyType = 2;
			remoteGlobalIDString = C0C01EB21E3911D50056E6CB;
			remoteInfo = Cordova;
		};
/* End PBXContainerItemProxy section */

/* Begin PBXFileReference section */
		01B0458C16894AA285508516 /* APPLocalNotificationOptions.h */ = {isa = PBXFileReference; explicitFileType = undefined; fileEncoding = 4; includeInIndex = 0; lastKnownFileType = sourcecode.c.h; name = APPLocalNotificationOptions.h; path = "de.appplant.cordova.plugin.local-notification/APPLocalNotificationOptions.h"; sourceTree = "<group>"; };
		0207DA571B56EA530066E2B4 /* Images.xcassets */ = {isa = PBXFileReference; lastKnownFileType = folder.assetcatalog; name = Images.xcassets; path = "Volonteri DCKZZ/Images.xcassets"; sourceTree = SOURCE_ROOT; };
		0509441B3B064A989ED1920A /* UNUserNotificationCenter+APPLocalNotification.m */ = {isa = PBXFileReference; explicitFileType = undefined; fileEncoding = 4; includeInIndex = 0; lastKnownFileType = sourcecode.c.objc; name = "UNUserNotificationCenter+APPLocalNotification.m"; path = "de.appplant.cordova.plugin.local-notification/UNUserNotificationCenter+APPLocalNotification.m"; sourceTree = "<group>"; };
		12F80044D0144B9584D84A96 /* APPLocalNotificationOptions.ios9.h */ = {isa = PBXFileReference; explicitFileType = undefined; fileEncoding = 4; includeInIndex = 0; lastKnownFileType = sourcecode.c.h; name = APPLocalNotificationOptions.ios9.h; path = "de.appplant.cordova.plugin.local-notification/APPLocalNotificationOptions.ios9.h"; sourceTree = "<group>"; };
		178E9FE5E1B94E51B0D9FC46 /* AppDelegate+FCMPlugin.h */ = {isa = PBXFileReference; explicitFileType = undefined; fileEncoding = 4; includeInIndex = 0; lastKnownFileType = sourcecode.c.h; name = "AppDelegate+FCMPlugin.h"; path = "cordova-plugin-fcm/AppDelegate+FCMPlugin.h"; sourceTree = "<group>"; };
		1C317543C928427DA9C18CE4 /* PSPDFThreadSafeMutableDictionary.h */ = {isa = PBXFileReference; explicitFileType = undefined; fileEncoding = 4; includeInIndex = 0; lastKnownFileType = sourcecode.c.h; name = PSPDFThreadSafeMutableDictionary.h; path = "cordova-sqlite-storage/PSPDFThreadSafeMutableDictionary.h"; sourceTree = "<group>"; };
		1D3623240D0F684500981E51 /* AppDelegate.h */ = {isa = PBXFileReference; fileEncoding = 4; lastKnownFileType = sourcecode.c.h; path = AppDelegate.h; sourceTree = "<group>"; };
		1D3623250D0F684500981E51 /* AppDelegate.m */ = {isa = PBXFileReference; fileEncoding = 4; lastKnownFileType = sourcecode.c.objc; path = AppDelegate.m; sourceTree = "<group>"; };
		1D6058910D05DD3D006BFB54 /* Volonteri DCKZZ.app */ = {isa = PBXFileReference; explicitFileType = wrapper.application; includeInIndex = 0; path = "Volonteri DCKZZ.app"; sourceTree = BUILT_PRODUCTS_DIR; };
		1D787B2A0625455D8D55F3F6 /* UILocalNotification+APPLocalNotification.ios9.m */ = {isa = PBXFileReference; explicitFileType = undefined; fileEncoding = 4; includeInIndex = 0; lastKnownFileType = sourcecode.c.objc; name = "UILocalNotification+APPLocalNotification.ios9.m"; path = "de.appplant.cordova.plugin.local-notification/UILocalNotification+APPLocalNotification.ios9.m"; sourceTree = "<group>"; };
		22EF109C3B694125A6033BC7 /* APPAppEventDelegate.h */ = {isa = PBXFileReference; explicitFileType = undefined; fileEncoding = 4; includeInIndex = 0; lastKnownFileType = sourcecode.c.h; name = APPAppEventDelegate.h; path = "cordova-plugin-app-event/APPAppEventDelegate.h"; sourceTree = "<group>"; };
		274F7C9F37EA4A969E3694B2 /* AppDelegate+APPAppEvent.h */ = {isa = PBXFileReference; explicitFileType = undefined; fileEncoding = 4; includeInIndex = 0; lastKnownFileType = sourcecode.c.h; name = "AppDelegate+APPAppEvent.h"; path = "cordova-plugin-app-event/AppDelegate+APPAppEvent.h"; sourceTree = "<group>"; };
		28A0630273D3494DBBB274DC /* UILocalNotification+APPLocalNotification.ios9.h */ = {isa = PBXFileReference; explicitFileType = undefined; fileEncoding = 4; includeInIndex = 0; lastKnownFileType = sourcecode.c.h; name = "UILocalNotification+APPLocalNotification.ios9.h"; path = "de.appplant.cordova.plugin.local-notification/UILocalNotification+APPLocalNotification.ios9.h"; sourceTree = "<group>"; };
		29B97316FDCFA39411CA2CEA /* main.m */ = {isa = PBXFileReference; fileEncoding = 4; lastKnownFileType = sourcecode.c.objc; path = main.m; sourceTree = "<group>"; };
		301BF52D109A57CC0062928A /* CordovaLib.xcodeproj */ = {isa = PBXFileReference; lastKnownFileType = "wrapper.pb-project"; name = CordovaLib.xcodeproj; path = CordovaLib/CordovaLib.xcodeproj; sourceTree = "<group>"; };
		301BF56E109A69640062928A /* www */ = {isa = PBXFileReference; lastKnownFileType = folder; path = www; sourceTree = SOURCE_ROOT; };
		302D95EE14D2391D003F00A1 /* MainViewController.h */ = {isa = PBXFileReference; fileEncoding = 4; lastKnownFileType = sourcecode.c.h; path = MainViewController.h; sourceTree = "<group>"; };
		302D95EF14D2391D003F00A1 /* MainViewController.m */ = {isa = PBXFileReference; fileEncoding = 4; lastKnownFileType = sourcecode.c.objc; path = MainViewController.m; sourceTree = "<group>"; };
		302D95F014D2391D003F00A1 /* MainViewController.xib */ = {isa = PBXFileReference; fileEncoding = 4; lastKnownFileType = file.xib; path = MainViewController.xib; sourceTree = "<group>"; };
		3047A50F1AB8059700498E2A /* build-debug.xcconfig */ = {isa = PBXFileReference; fileEncoding = 4; lastKnownFileType = text.xcconfig; name = "build-debug.xcconfig"; path = "cordova/build-debug.xcconfig"; sourceTree = SOURCE_ROOT; };
		3047A5101AB8059700498E2A /* build-release.xcconfig */ = {isa = PBXFileReference; fileEncoding = 4; lastKnownFileType = text.xcconfig; name = "build-release.xcconfig"; path = "cordova/build-release.xcconfig"; sourceTree = SOURCE_ROOT; };
		3047A5111AB8059700498E2A /* build.xcconfig */ = {isa = PBXFileReference; fileEncoding = 4; lastKnownFileType = text.xcconfig; name = build.xcconfig; path = cordova/build.xcconfig; sourceTree = SOURCE_ROOT; };
		32CA4F630368D1EE00C91783 /* Volonteri DCKZZ-Prefix.pch */ = {isa = PBXFileReference; fileEncoding = 4; lastKnownFileType = sourcecode.c.h; path = "Volonteri DCKZZ-Prefix.pch"; sourceTree = "<group>"; };
		3B71218221664E27808BBD67 /* UNMutableNotificationContent+APPLocalNotification.m */ = {isa = PBXFileReference; explicitFileType = undefined; fileEncoding = 4; includeInIndex = 0; lastKnownFileType = sourcecode.c.objc; name = "UNMutableNotificationContent+APPLocalNotification.m"; path = "de.appplant.cordova.plugin.local-notification/UNMutableNotificationContent+APPLocalNotification.m"; sourceTree = "<group>"; };
		483E838FC817491DBE31628D /* sqlite3.h */ = {isa = PBXFileReference; explicitFileType = undefined; fileEncoding = 4; includeInIndex = 0; lastKnownFileType = sourcecode.c.h; name = sqlite3.h; path = "cordova-sqlite-storage/sqlite3.h"; sourceTree = "<group>"; };
		4CCFB77758EC445EB9F5FBF8 /* FCMPlugin.m */ = {isa = PBXFileReference; explicitFileType = undefined; fileEncoding = 4; includeInIndex = 0; lastKnownFileType = sourcecode.c.objc; name = FCMPlugin.m; path = "cordova-plugin-fcm/FCMPlugin.m"; sourceTree = "<group>"; };
		4EF2FA8BC3D6417CA246CB8F /* UNMutableNotificationContent+APPLocalNotification.h */ = {isa = PBXFileReference; explicitFileType = undefined; fileEncoding = 4; includeInIndex = 0; lastKnownFileType = sourcecode.c.h; name = "UNMutableNotificationContent+APPLocalNotification.h"; path = "de.appplant.cordova.plugin.local-notification/UNMutableNotificationContent+APPLocalNotification.h"; sourceTree = "<group>"; };
		53370CFAA9F048B8B085B1D1 /* APPLocalNotificationOptions.m */ = {isa = PBXFileReference; explicitFileType = undefined; fileEncoding = 4; includeInIndex = 0; lastKnownFileType = sourcecode.c.objc; name = APPLocalNotificationOptions.m; path = "de.appplant.cordova.plugin.local-notification/APPLocalNotificationOptions.m"; sourceTree = "<group>"; };
		57667733D95642D2A6452498 /* CDVDevice.m */ = {isa = PBXFileReference; explicitFileType = undefined; fileEncoding = 4; includeInIndex = 0; lastKnownFileType = sourcecode.c.objc; name = CDVDevice.m; path = "cordova-plugin-device/CDVDevice.m"; sourceTree = "<group>"; };
		5B1EF558317A4DA9B887450D /* CDVDevice.h */ = {isa = PBXFileReference; explicitFileType = undefined; fileEncoding = 4; includeInIndex = 0; lastKnownFileType = sourcecode.c.h; name = CDVDevice.h; path = "cordova-plugin-device/CDVDevice.h"; sourceTree = "<group>"; };
		5D76426C9E884522B4AFF633 /* UNNotificationRequest+APPLocalNotification.m */ = {isa = PBXFileReference; explicitFileType = undefined; fileEncoding = 4; includeInIndex = 0; lastKnownFileType = sourcecode.c.objc; name = "UNNotificationRequest+APPLocalNotification.m"; path = "de.appplant.cordova.plugin.local-notification/UNNotificationRequest+APPLocalNotification.m"; sourceTree = "<group>"; };
		5F4D0BAD9C754D7EB1BDE928 /* APPLocalNotification.m */ = {isa = PBXFileReference; explicitFileType = undefined; fileEncoding = 4; includeInIndex = 0; lastKnownFileType = sourcecode.c.objc; name = APPLocalNotification.m; path = "de.appplant.cordova.plugin.local-notification/APPLocalNotification.m"; sourceTree = "<group>"; };
		5FD55B748A80492A899D51D5 /* AppDelegate+APPAppEvent.m */ = {isa = PBXFileReference; explicitFileType = undefined; fileEncoding = 4; includeInIndex = 0; lastKnownFileType = sourcecode.c.objc; name = "AppDelegate+APPAppEvent.m"; path = "cordova-plugin-app-event/AppDelegate+APPAppEvent.m"; sourceTree = "<group>"; };
		642D766C8DA142C8BC4D8DFE /* GoogleIPhoneUtilities.framework */ = {isa = PBXFileReference; explicitFileType = undefined; fileEncoding = 9; includeInIndex = 0; lastKnownFileType = wrapper.framework; name = GoogleIPhoneUtilities.framework; path = "Volonteri DCKZZ/Plugins/cordova-plugin-fcm/GoogleIPhoneUtilities.framework"; sourceTree = "<group>"; };
		6AFF5BF81D6E424B00AB3073 /* CDVLaunchScreen.storyboard */ = {isa = PBXFileReference; fileEncoding = 4; lastKnownFileType = file.storyboard; name = CDVLaunchScreen.storyboard; path = "Volonteri DCKZZ/CDVLaunchScreen.storyboard"; sourceTree = SOURCE_ROOT; };
		6C98A51C8D7C4D9B9713BF48 /* GoogleUtilities.framework */ = {isa = PBXFileReference; explicitFileType = undefined; fileEncoding = 9; includeInIndex = 0; lastKnownFileType = wrapper.framework; name = GoogleUtilities.framework; path = "Volonteri DCKZZ/Plugins/cordova-plugin-fcm/GoogleUtilities.framework"; sourceTree = "<group>"; };
		70F659CDEF8E491280DDE52A /* FirebaseInstanceID.framework */ = {isa = PBXFileReference; explicitFileType = undefined; fileEncoding = 9; includeInIndex = 0; lastKnownFileType = wrapper.framework; name = FirebaseInstanceID.framework; path = "Volonteri DCKZZ/Plugins/cordova-plugin-fcm/FirebaseInstanceID.framework"; sourceTree = "<group>"; };
		749072A339614F45A43082A7 /* GoogleInterchangeUtilities.framework */ = {isa = PBXFileReference; explicitFileType = undefined; fileEncoding = 9; includeInIndex = 0; lastKnownFileType = wrapper.framework; name = GoogleInterchangeUtilities.framework; path = "Volonteri DCKZZ/Plugins/cordova-plugin-fcm/GoogleInterchangeUtilities.framework"; sourceTree = "<group>"; };
		7C55106EFBD143EAAF6E572B /* AddressBook.framework */ = {isa = PBXFileReference; explicitFileType = undefined; fileEncoding = 9; includeInIndex = 0; lastKnownFileType = wrapper.framework; name = AddressBook.framework; path = System/Library/Frameworks/AddressBook.framework; sourceTree = SDKROOT; };
		7DF50DA89EE14C29937DBAB4 /* UNNotificationRequest+APPLocalNotification.h */ = {isa = PBXFileReference; explicitFileType = undefined; fileEncoding = 4; includeInIndex = 0; lastKnownFileType = sourcecode.c.h; name = "UNNotificationRequest+APPLocalNotification.h"; path = "de.appplant.cordova.plugin.local-notification/UNNotificationRequest+APPLocalNotification.h"; sourceTree = "<group>"; };
		7E8CDF0FD9D845B2BF65EE56 /* CDVPlugin+APPAppEvent.h */ = {isa = PBXFileReference; explicitFileType = undefined; fileEncoding = 4; includeInIndex = 0; lastKnownFileType = sourcecode.c.h; name = "CDVPlugin+APPAppEvent.h"; path = "cordova-plugin-app-event/CDVPlugin+APPAppEvent.h"; sourceTree = "<group>"; };
		8953B11C204DE33D00C55128 /* Volonteri DCKZZ.entitlements */ = {isa = PBXFileReference; lastKnownFileType = text.plist.entitlements; name = "Volonteri DCKZZ.entitlements"; path = "Volonteri DCKZZ/Volonteri DCKZZ.entitlements"; sourceTree = "<group>"; };
		8953B11D204DE34E00C55128 /* StoreKit.framework */ = {isa = PBXFileReference; lastKnownFileType = wrapper.framework; name = StoreKit.framework; path = System/Library/Frameworks/StoreKit.framework; sourceTree = SDKROOT; };
		8BB3D43F814845978E74F33E /* CDVStatusBar.h */ = {isa = PBXFileReference; explicitFileType = undefined; fileEncoding = 4; includeInIndex = 0; lastKnownFileType = sourcecode.c.h; name = CDVStatusBar.h; path = "cordova-plugin-statusbar/CDVStatusBar.h"; sourceTree = "<group>"; };
		8BD9496FF2294DDBA15264F6 /* Firebase.h */ = {isa = PBXFileReference; explicitFileType = undefined; fileEncoding = 4; includeInIndex = 0; lastKnownFileType = sourcecode.c.h; name = Firebase.h; path = "cordova-plugin-fcm/Firebase.h"; sourceTree = "<group>"; };
		8CAA90550E8441EB85AB9E7A /* UIApplication+APPLocalNotification.ios9.h */ = {isa = PBXFileReference; explicitFileType = undefined; fileEncoding = 4; includeInIndex = 0; lastKnownFileType = sourcecode.c.h; name = "UIApplication+APPLocalNotification.ios9.h"; path = "de.appplant.cordova.plugin.local-notification/UIApplication+APPLocalNotification.ios9.h"; sourceTree = "<group>"; };
		8D1107310486CEB800E47090 /* Volonteri DCKZZ-Info.plist */ = {isa = PBXFileReference; fileEncoding = 4; lastKnownFileType = text.plist.xml; name = "Volonteri DCKZZ-Info.plist"; path = "Volonteri DCKZZ/Volonteri DCKZZ-Info.plist"; plistStructureDefinitionIdentifier = "com.apple.xcode.plist.structure-definition.iphone.info-plist"; sourceTree = SOURCE_ROOT; };
		8E124EC8253E42B6B28EBECD /* libsqlite3.0.tbd */ = {isa = PBXFileReference; explicitFileType = undefined; fileEncoding = 9; includeInIndex = 0; lastKnownFileType = "sourcecode.text-based-dylib-definition"; name = libsqlite3.0.tbd; path = usr/lib/libsqlite3.0.tbd; sourceTree = SDKROOT; };
		8E2F6341B1FB4045A0C14515 /* UIApplication+APPLocalNotification.ios9.m */ = {isa = PBXFileReference; explicitFileType = undefined; fileEncoding = 4; includeInIndex = 0; lastKnownFileType = sourcecode.c.objc; name = "UIApplication+APPLocalNotification.ios9.m"; path = "de.appplant.cordova.plugin.local-notification/UIApplication+APPLocalNotification.ios9.m"; sourceTree = "<group>"; };
		92990576C44D40BD9EDA8A96 /* libz.tbd */ = {isa = PBXFileReference; explicitFileType = undefined; fileEncoding = 9; includeInIndex = 0; lastKnownFileType = "sourcecode.text-based-dylib-definition"; name = libz.tbd; path = usr/lib/libz.tbd; sourceTree = SDKROOT; };
		93C6B7DA903C4925AC0A8D9E /* FirebaseMessaging.framework */ = {isa = PBXFileReference; explicitFileType = undefined; fileEncoding = 9; includeInIndex = 0; lastKnownFileType = wrapper.framework; name = FirebaseMessaging.framework; path = "Volonteri DCKZZ/Plugins/cordova-plugin-fcm/FirebaseMessaging.framework"; sourceTree = "<group>"; };
		9767C86720674B609C5D1D9E /* APPLocalNotification.h */ = {isa = PBXFileReference; explicitFileType = undefined; fileEncoding = 4; includeInIndex = 0; lastKnownFileType = sourcecode.c.h; name = APPLocalNotification.h; path = "de.appplant.cordova.plugin.local-notification/APPLocalNotification.h"; sourceTree = "<group>"; };
		98F0E2C5FAC74AA4BD51629D /* sqlite3.c */ = {isa = PBXFileReference; explicitFileType = undefined; fileEncoding = 9; includeInIndex = 0; lastKnownFileType = unknown; name = sqlite3.c; path = "cordova-sqlite-storage/sqlite3.c"; sourceTree = "<group>"; };
		9CBC6644EF044FA58A8FCB60 /* CDVStatusBar.m */ = {isa = PBXFileReference; explicitFileType = undefined; fileEncoding = 4; includeInIndex = 0; lastKnownFileType = sourcecode.c.objc; name = CDVStatusBar.m; path = "cordova-plugin-statusbar/CDVStatusBar.m"; sourceTree = "<group>"; };
		A186F6A7C526457DBC7FB354 /* SQLitePlugin.h */ = {isa = PBXFileReference; explicitFileType = undefined; fileEncoding = 4; includeInIndex = 0; lastKnownFileType = sourcecode.c.h; name = SQLitePlugin.h; path = "cordova-sqlite-storage/SQLitePlugin.h"; sourceTree = "<group>"; };
		A1DFE7FE72064FE0A23CA606 /* FCMPlugin.h */ = {isa = PBXFileReference; explicitFileType = undefined; fileEncoding = 4; includeInIndex = 0; lastKnownFileType = sourcecode.c.h; name = FCMPlugin.h; path = "cordova-plugin-fcm/FCMPlugin.h"; sourceTree = "<group>"; };
		A282AF1A089A4EB88FA7D9D1 /* PSPDFThreadSafeMutableDictionary.m */ = {isa = PBXFileReference; explicitFileType = undefined; fileEncoding = 4; includeInIndex = 0; lastKnownFileType = sourcecode.c.objc; name = PSPDFThreadSafeMutableDictionary.m; path = "cordova-sqlite-storage/PSPDFThreadSafeMutableDictionary.m"; sourceTree = "<group>"; };
		B3CCAF4165734FD4BE3988B8 /* AppDelegate+FCMPlugin.m */ = {isa = PBXFileReference; explicitFileType = undefined; fileEncoding = 4; includeInIndex = 0; lastKnownFileType = sourcecode.c.objc; name = "AppDelegate+FCMPlugin.m"; path = "cordova-plugin-fcm/AppDelegate+FCMPlugin.m"; sourceTree = "<group>"; };
		BEC31EB1FE94426A86B6C7F2 /* GoogleService-Info.plist */ = {isa = PBXFileReference; explicitFileType = undefined; fileEncoding = 4; includeInIndex = 0; lastKnownFileType = text.plist.xml; name = "GoogleService-Info.plist"; path = "Resources/GoogleService-Info.plist"; sourceTree = "<group>"; };
		C5A5E4BE112749B7B35954FD /* UserNotifications.framework */ = {isa = PBXFileReference; explicitFileType = undefined; fileEncoding = 9; includeInIndex = 0; lastKnownFileType = wrapper.framework; name = UserNotifications.framework; path = System/Library/Frameworks/UserNotifications.framework; sourceTree = SDKROOT; };
		D789B691084040EAA28886E7 /* CDVPlugin+APPAppEvent.m */ = {isa = PBXFileReference; explicitFileType = undefined; fileEncoding = 4; includeInIndex = 0; lastKnownFileType = sourcecode.c.objc; name = "CDVPlugin+APPAppEvent.m"; path = "cordova-plugin-app-event/CDVPlugin+APPAppEvent.m"; sourceTree = "<group>"; };
		DA833CAABD3E439F989DF625 /* Security.framework */ = {isa = PBXFileReference; explicitFileType = undefined; fileEncoding = 9; includeInIndex = 0; lastKnownFileType = wrapper.framework; name = Security.framework; path = System/Library/Frameworks/Security.framework; sourceTree = SDKROOT; };
		DC50C718F69F4C41B76CA219 /* libc++.tbd */ = {isa = PBXFileReference; explicitFileType = undefined; fileEncoding = 9; includeInIndex = 0; lastKnownFileType = "sourcecode.text-based-dylib-definition"; name = "libc++.tbd"; path = "usr/lib/libc++.tbd"; sourceTree = SDKROOT; };
		E8CB4936E4174CD3A9A653B9 /* APPLocalNotificationOptions.ios9.m */ = {isa = PBXFileReference; explicitFileType = undefined; fileEncoding = 4; includeInIndex = 0; lastKnownFileType = sourcecode.c.objc; name = APPLocalNotificationOptions.ios9.m; path = "de.appplant.cordova.plugin.local-notification/APPLocalNotificationOptions.ios9.m"; sourceTree = "<group>"; };
		EB87FDF31871DA8E0020F90C /* www */ = {isa = PBXFileReference; lastKnownFileType = folder; name = www; path = ../../www; sourceTree = "<group>"; };
		EB87FDF41871DAF40020F90C /* config.xml */ = {isa = PBXFileReference; lastKnownFileType = text.xml; name = config.xml; path = ../../config.xml; sourceTree = "<group>"; };
		EBDEFAD00BD4470A945777B1 /* FirebaseAnalytics.framework */ = {isa = PBXFileReference; explicitFileType = undefined; fileEncoding = 9; includeInIndex = 0; lastKnownFileType = wrapper.framework; name = FirebaseAnalytics.framework; path = "Volonteri DCKZZ/Plugins/cordova-plugin-fcm/FirebaseAnalytics.framework"; sourceTree = "<group>"; };
		EC07FB532E294EFC88AD41B7 /* GoogleSymbolUtilities.framework */ = {isa = PBXFileReference; explicitFileType = undefined; fileEncoding = 9; includeInIndex = 0; lastKnownFileType = wrapper.framework; name = GoogleSymbolUtilities.framework; path = "Volonteri DCKZZ/Plugins/cordova-plugin-fcm/GoogleSymbolUtilities.framework"; sourceTree = "<group>"; };
		ED33DF2A687741AEAF9F8254 /* Bridging-Header.h */ = {isa = PBXFileReference; fileEncoding = 4; lastKnownFileType = sourcecode.c.h; path = "Bridging-Header.h"; sourceTree = "<group>"; };
		F5B6B14F68424F82BE52FD89 /* SQLitePlugin.m */ = {isa = PBXFileReference; explicitFileType = undefined; fileEncoding = 4; includeInIndex = 0; lastKnownFileType = sourcecode.c.objc; name = SQLitePlugin.m; path = "cordova-sqlite-storage/SQLitePlugin.m"; sourceTree = "<group>"; };
		F5C99EEC9F854C0B8DDC9E57 /* UNUserNotificationCenter+APPLocalNotification.h */ = {isa = PBXFileReference; explicitFileType = undefined; fileEncoding = 4; includeInIndex = 0; lastKnownFileType = sourcecode.c.h; name = "UNUserNotificationCenter+APPLocalNotification.h"; path = "de.appplant.cordova.plugin.local-notification/UNUserNotificationCenter+APPLocalNotification.h"; sourceTree = "<group>"; };
		F840E1F0165FE0F500CFE078 /* config.xml */ = {isa = PBXFileReference; lastKnownFileType = text.xml; name = config.xml; path = "Volonteri DCKZZ/config.xml"; sourceTree = "<group>"; };
		FC31999646B7475EB1774E5D /* FirebaseCore.framework */ = {isa = PBXFileReference; explicitFileType = undefined; fileEncoding = 9; includeInIndex = 0; lastKnownFileType = wrapper.framework; name = FirebaseCore.framework; path = "Volonteri DCKZZ/Plugins/cordova-plugin-fcm/FirebaseCore.framework"; sourceTree = "<group>"; };
/* End PBXFileReference section */

/* Begin PBXFrameworksBuildPhase section */
		1D60588F0D05DD3D006BFB54 /* Frameworks */ = {
			isa = PBXFrameworksBuildPhase;
			buildActionMask = 2147483647;
			files = (
				301BF552109A68D80062928A /* libCordova.a in Frameworks */,
				52E37F4EA3BC446086048EB2 /* libz.tbd in Frameworks */,
				B85FB9DFEE27420381650197 /* UserNotifications.framework in Frameworks */,
				8953B11E204DE34E00C55128 /* StoreKit.framework in Frameworks */,
				F50CAE32CF5844C3AC7ACE72 /* FirebaseAnalytics.framework in Frameworks */,
				CB501A5FA2984B37B1DD51CF /* FirebaseCore.framework in Frameworks */,
				11935B4A9EB94447A70075A0 /* FirebaseInstanceID.framework in Frameworks */,
				6CAF7AF8940E4A5E8CA8FEAC /* FirebaseMessaging.framework in Frameworks */,
				0E1336BE4E094B9691ABB281 /* GoogleInterchangeUtilities.framework in Frameworks */,
				9B112F354B304DBB889D551B /* GoogleIPhoneUtilities.framework in Frameworks */,
				8BC310B96B394B87807B92F2 /* GoogleSymbolUtilities.framework in Frameworks */,
				B996AA02BC034E66ADC31B41 /* GoogleUtilities.framework in Frameworks */,
				4542569D2ECD4DA4A5480473 /* libc++.tbd in Frameworks */,
				EC7FAA2D8F8C454B95602424 /* AddressBook.framework in Frameworks */,
				4CF995B0968F408182741355 /* libsqlite3.0.tbd in Frameworks */,
				A6B56622F51A49CC8E8F0590 /* Security.framework in Frameworks */,
			);
			runOnlyForDeploymentPostprocessing = 0;
		};
/* End PBXFrameworksBuildPhase section */

/* Begin PBXGroup section */
		080E96DDFE201D6D7F000001 /* Classes */ = {
			isa = PBXGroup;
			children = (
				302D95EE14D2391D003F00A1 /* MainViewController.h */,
				302D95EF14D2391D003F00A1 /* MainViewController.m */,
				302D95F014D2391D003F00A1 /* MainViewController.xib */,
				1D3623240D0F684500981E51 /* AppDelegate.h */,
				1D3623250D0F684500981E51 /* AppDelegate.m */,
			);
			name = Classes;
			path = "Volonteri DCKZZ/Classes";
			sourceTree = SOURCE_ROOT;
		};
		19C28FACFE9D520D11CA2CBB /* Products */ = {
			isa = PBXGroup;
			children = (
				1D6058910D05DD3D006BFB54 /* Volonteri DCKZZ.app */,
			);
			name = Products;
			sourceTree = "<group>";
		};
		29B97314FDCFA39411CA2CEA /* CustomTemplate */ = {
			isa = PBXGroup;
			children = (
				8953B11C204DE33D00C55128 /* Volonteri DCKZZ.entitlements */,
				EB87FDF41871DAF40020F90C /* config.xml */,
				EB87FDF31871DA8E0020F90C /* www */,
				EB87FDF11871DA420020F90C /* Staging */,
				301BF52D109A57CC0062928A /* CordovaLib.xcodeproj */,
				080E96DDFE201D6D7F000001 /* Classes */,
				307C750510C5A3420062BCA9 /* Plugins */,
				29B97315FDCFA39411CA2CEA /* Other Sources */,
				29B97317FDCFA39411CA2CEA /* Resources */,
				29B97323FDCFA39411CA2CEA /* Frameworks */,
				19C28FACFE9D520D11CA2CBB /* Products */,
			);
			name = CustomTemplate;
			sourceTree = "<group>";
		};
		29B97315FDCFA39411CA2CEA /* Other Sources */ = {
			isa = PBXGroup;
			children = (
				32CA4F630368D1EE00C91783 /* Volonteri DCKZZ-Prefix.pch */,
				29B97316FDCFA39411CA2CEA /* main.m */,
				ED33DF2A687741AEAF9F8254 /* Bridging-Header.h */,
			);
			name = "Other Sources";
			path = "Volonteri DCKZZ";
			sourceTree = "<group>";
		};
		29B97317FDCFA39411CA2CEA /* Resources */ = {
			isa = PBXGroup;
			children = (
				0207DA571B56EA530066E2B4 /* Images.xcassets */,
				3047A50E1AB8057F00498E2A /* config */,
				8D1107310486CEB800E47090 /* Volonteri DCKZZ-Info.plist */,
				6AFF5BF81D6E424B00AB3073 /* CDVLaunchScreen.storyboard */,
				BEC31EB1FE94426A86B6C7F2 /* GoogleService-Info.plist */,
			);
			name = Resources;
			path = "Volonteri DCKZZ/Resources";
			sourceTree = "<group>";
		};
		29B97323FDCFA39411CA2CEA /* Frameworks */ = {
			isa = PBXGroup;
			children = (
				8953B11D204DE34E00C55128 /* StoreKit.framework */,
				92990576C44D40BD9EDA8A96 /* libz.tbd */,
				C5A5E4BE112749B7B35954FD /* UserNotifications.framework */,
				EBDEFAD00BD4470A945777B1 /* FirebaseAnalytics.framework */,
				FC31999646B7475EB1774E5D /* FirebaseCore.framework */,
				70F659CDEF8E491280DDE52A /* FirebaseInstanceID.framework */,
				93C6B7DA903C4925AC0A8D9E /* FirebaseMessaging.framework */,
				749072A339614F45A43082A7 /* GoogleInterchangeUtilities.framework */,
				642D766C8DA142C8BC4D8DFE /* GoogleIPhoneUtilities.framework */,
				EC07FB532E294EFC88AD41B7 /* GoogleSymbolUtilities.framework */,
				6C98A51C8D7C4D9B9713BF48 /* GoogleUtilities.framework */,
				DC50C718F69F4C41B76CA219 /* libc++.tbd */,
				7C55106EFBD143EAAF6E572B /* AddressBook.framework */,
				8E124EC8253E42B6B28EBECD /* libsqlite3.0.tbd */,
				DA833CAABD3E439F989DF625 /* Security.framework */,
			);
			name = Frameworks;
			sourceTree = "<group>";
		};
		301BF52E109A57CC0062928A /* Products */ = {
			isa = PBXGroup;
			children = (
				301BF535109A57CC0062928A /* libCordova.a */,
				8953B11B204DD93700C55128 /* Cordova.framework */,
			);
			name = Products;
			sourceTree = "<group>";
		};
		3047A50E1AB8057F00498E2A /* config */ = {
			isa = PBXGroup;
			children = (
				3047A50F1AB8059700498E2A /* build-debug.xcconfig */,
				3047A5101AB8059700498E2A /* build-release.xcconfig */,
				3047A5111AB8059700498E2A /* build.xcconfig */,
			);
			name = config;
			sourceTree = "<group>";
		};
		307C750510C5A3420062BCA9 /* Plugins */ = {
			isa = PBXGroup;
			children = (
				57667733D95642D2A6452498 /* CDVDevice.m */,
				5B1EF558317A4DA9B887450D /* CDVDevice.h */,
				5FD55B748A80492A899D51D5 /* AppDelegate+APPAppEvent.m */,
				D789B691084040EAA28886E7 /* CDVPlugin+APPAppEvent.m */,
				274F7C9F37EA4A969E3694B2 /* AppDelegate+APPAppEvent.h */,
				7E8CDF0FD9D845B2BF65EE56 /* CDVPlugin+APPAppEvent.h */,
				22EF109C3B694125A6033BC7 /* APPAppEventDelegate.h */,
				5F4D0BAD9C754D7EB1BDE928 /* APPLocalNotification.m */,
				53370CFAA9F048B8B085B1D1 /* APPLocalNotificationOptions.m */,
				0509441B3B064A989ED1920A /* UNUserNotificationCenter+APPLocalNotification.m */,
				3B71218221664E27808BBD67 /* UNMutableNotificationContent+APPLocalNotification.m */,
				5D76426C9E884522B4AFF633 /* UNNotificationRequest+APPLocalNotification.m */,
				E8CB4936E4174CD3A9A653B9 /* APPLocalNotificationOptions.ios9.m */,
				8E2F6341B1FB4045A0C14515 /* UIApplication+APPLocalNotification.ios9.m */,
				1D787B2A0625455D8D55F3F6 /* UILocalNotification+APPLocalNotification.ios9.m */,
				9767C86720674B609C5D1D9E /* APPLocalNotification.h */,
				01B0458C16894AA285508516 /* APPLocalNotificationOptions.h */,
				F5C99EEC9F854C0B8DDC9E57 /* UNUserNotificationCenter+APPLocalNotification.h */,
				4EF2FA8BC3D6417CA246CB8F /* UNMutableNotificationContent+APPLocalNotification.h */,
				7DF50DA89EE14C29937DBAB4 /* UNNotificationRequest+APPLocalNotification.h */,
				12F80044D0144B9584D84A96 /* APPLocalNotificationOptions.ios9.h */,
				8CAA90550E8441EB85AB9E7A /* UIApplication+APPLocalNotification.ios9.h */,
				28A0630273D3494DBBB274DC /* UILocalNotification+APPLocalNotification.ios9.h */,
				F5B6B14F68424F82BE52FD89 /* SQLitePlugin.m */,
				A282AF1A089A4EB88FA7D9D1 /* PSPDFThreadSafeMutableDictionary.m */,
				98F0E2C5FAC74AA4BD51629D /* sqlite3.c */,
				A186F6A7C526457DBC7FB354 /* SQLitePlugin.h */,
				1C317543C928427DA9C18CE4 /* PSPDFThreadSafeMutableDictionary.h */,
				483E838FC817491DBE31628D /* sqlite3.h */,
				4CCFB77758EC445EB9F5FBF8 /* FCMPlugin.m */,
				B3CCAF4165734FD4BE3988B8 /* AppDelegate+FCMPlugin.m */,
				A1DFE7FE72064FE0A23CA606 /* FCMPlugin.h */,
				178E9FE5E1B94E51B0D9FC46 /* AppDelegate+FCMPlugin.h */,
				8BD9496FF2294DDBA15264F6 /* Firebase.h */,
				9CBC6644EF044FA58A8FCB60 /* CDVStatusBar.m */,
				8BB3D43F814845978E74F33E /* CDVStatusBar.h */,
			);
			name = Plugins;
			path = "Volonteri DCKZZ/Plugins";
			sourceTree = SOURCE_ROOT;
		};
		EB87FDF11871DA420020F90C /* Staging */ = {
			isa = PBXGroup;
			children = (
				F840E1F0165FE0F500CFE078 /* config.xml */,
				301BF56E109A69640062928A /* www */,
			);
			name = Staging;
			sourceTree = "<group>";
		};
/* End PBXGroup section */

/* Begin PBXNativeTarget section */
		1D6058900D05DD3D006BFB54 /* Volonteri DCKZZ */ = {
			isa = PBXNativeTarget;
			buildConfigurationList = 1D6058960D05DD3E006BFB54 /* Build configuration list for PBXNativeTarget "Volonteri DCKZZ" */;
			buildPhases = (
				304B58A110DAC018002A0835 /* Copy www directory */,
				1D60588D0D05DD3D006BFB54 /* Resources */,
				1D60588E0D05DD3D006BFB54 /* Sources */,
				1D60588F0D05DD3D006BFB54 /* Frameworks */,
			);
			buildRules = (
			);
			dependencies = (
				301BF551109A68C00062928A /* PBXTargetDependency */,
			);
			name = "Volonteri DCKZZ";
			productName = "Volonteri DCKZZ";
			productReference = 1D6058910D05DD3D006BFB54 /* Volonteri DCKZZ.app */;
			productType = "com.apple.product-type.application";
		};
/* End PBXNativeTarget section */

/* Begin PBXProject section */
		29B97313FDCFA39411CA2CEA /* Project object */ = {
			isa = PBXProject;
			attributes = {
				LastUpgradeCheck = 510;
				TargetAttributes = {
					1D6058900D05DD3D006BFB54 = {
						DevelopmentTeam = 6A4897K8UN;
						ProvisioningStyle = Automatic;
						SystemCapabilities = {
							com.apple.BackgroundModes = {
								enabled = 1;
							};
							com.apple.InAppPurchase = {
								enabled = 1;
							};
							com.apple.Push = {
								enabled = 1;
							};
							com.apple.iCloud = {
								enabled = 1;
							};
						};
					};
				};
			};
			buildConfigurationList = C01FCF4E08A954540054247B /* Build configuration list for PBXProject "Volonteri DCKZZ" */;
			compatibilityVersion = "Xcode 3.2";
			developmentRegion = English;
			hasScannedForEncodings = 1;
			knownRegions = (
				en,
			);
			mainGroup = 29B97314FDCFA39411CA2CEA /* CustomTemplate */;
			projectDirPath = "";
			projectReferences = (
				{
					ProductGroup = 301BF52E109A57CC0062928A /* Products */;
					ProjectRef = 301BF52D109A57CC0062928A /* CordovaLib.xcodeproj */;
				},
			);
			projectRoot = "";
			targets = (
				1D6058900D05DD3D006BFB54 /* Volonteri DCKZZ */,
			);
		};
/* End PBXProject section */

/* Begin PBXReferenceProxy section */
		301BF535109A57CC0062928A /* libCordova.a */ = {
			isa = PBXReferenceProxy;
			fileType = archive.ar;
			path = libCordova.a;
			remoteRef = 301BF534109A57CC0062928A /* PBXContainerItemProxy */;
			sourceTree = BUILT_PRODUCTS_DIR;
		};
		8953B11B204DD93700C55128 /* Cordova.framework */ = {
			isa = PBXReferenceProxy;
			fileType = wrapper.framework;
			path = Cordova.framework;
			remoteRef = 8953B11A204DD93700C55128 /* PBXContainerItemProxy */;
			sourceTree = BUILT_PRODUCTS_DIR;
		};
/* End PBXReferenceProxy section */

/* Begin PBXResourcesBuildPhase section */
		1D60588D0D05DD3D006BFB54 /* Resources */ = {
			isa = PBXResourcesBuildPhase;
			buildActionMask = 2147483647;
			files = (
				302D95F214D2391D003F00A1 /* MainViewController.xib in Resources */,
				0207DA581B56EA530066E2B4 /* Images.xcassets in Resources */,
				6AFF5BF91D6E424B00AB3073 /* CDVLaunchScreen.storyboard in Resources */,
				A9365BBF780849F4904D00F6 /* GoogleService-Info.plist in Resources */,
			);
			runOnlyForDeploymentPostprocessing = 0;
		};
/* End PBXResourcesBuildPhase section */

/* Begin PBXShellScriptBuildPhase section */
		304B58A110DAC018002A0835 /* Copy www directory */ = {
			isa = PBXShellScriptBuildPhase;
			buildActionMask = 2147483647;
			files = (
			);
			inputPaths = (
			);
			name = "Copy www directory";
			outputPaths = (
			);
			runOnlyForDeploymentPostprocessing = 0;
			shellPath = /bin/sh;
			shellScript = "NODEJS_PATH=/usr/local/bin; NVM_NODE_PATH=~/.nvm/versions/node/`nvm version 2>/dev/null`/bin; N_NODE_PATH=`find /usr/local/n/versions/node/* -maxdepth 0 -type d 2>/dev/null | tail -1`/bin; XCODE_NODE_PATH=`xcode-select --print-path`/usr/share/xcs/Node/bin; PATH=$NODEJS_PATH:$NVM_NODE_PATH:$N_NODE_PATH:$XCODE_NODE_PATH:$PATH && node cordova/lib/copy-www-build-step.js";
			showEnvVarsInLog = 0;
		};
/* End PBXShellScriptBuildPhase section */

/* Begin PBXSourcesBuildPhase section */
		1D60588E0D05DD3D006BFB54 /* Sources */ = {
			isa = PBXSourcesBuildPhase;
			buildActionMask = 2147483647;
			files = (
				1D60589B0D05DD56006BFB54 /* main.m in Sources */,
				1D3623260D0F684500981E51 /* AppDelegate.m in Sources */,
				302D95F114D2391D003F00A1 /* MainViewController.m in Sources */,
				CDBB7A94DB8149188794F776 /* CDVDevice.m in Sources */,
				0FC9C8D1E9E74A338134C80F /* AppDelegate+APPAppEvent.m in Sources */,
				16CF73CFF70F4927900B44A7 /* CDVPlugin+APPAppEvent.m in Sources */,
				ABB3729C24B849B3A829236C /* APPLocalNotification.m in Sources */,
				E94C20FCD1394A85A2B37533 /* APPLocalNotificationOptions.m in Sources */,
				B47DC3F622FC421B89DBD92C /* UNUserNotificationCenter+APPLocalNotification.m in Sources */,
				C0934D0089E246BE9270FD30 /* UNMutableNotificationContent+APPLocalNotification.m in Sources */,
				043D3D47E0884D4B843C7F05 /* UNNotificationRequest+APPLocalNotification.m in Sources */,
				2AF0BB4D77FC40E79F181682 /* APPLocalNotificationOptions.ios9.m in Sources */,
				9FCF0124D0FC43D7B0EEBA5C /* UIApplication+APPLocalNotification.ios9.m in Sources */,
				E76F473481184E93B1C07C2F /* UILocalNotification+APPLocalNotification.ios9.m in Sources */,
				FCAC6D53DCFC4CE19C2F0B38 /* SQLitePlugin.m in Sources */,
				A66D81844708421395CE25A5 /* PSPDFThreadSafeMutableDictionary.m in Sources */,
				02583C62A2D640BD8CAAC727 /* sqlite3.c in Sources */,
				5EB2AAED492545E68FF194F9 /* FCMPlugin.m in Sources */,
				C261C6F5848A4D028D79984F /* AppDelegate+FCMPlugin.m in Sources */,
				9BF6211FB6E2439F979E9210 /* CDVStatusBar.m in Sources */,
			);
			runOnlyForDeploymentPostprocessing = 0;
		};
/* End PBXSourcesBuildPhase section */

/* Begin PBXTargetDependency section */
		301BF551109A68C00062928A /* PBXTargetDependency */ = {
			isa = PBXTargetDependency;
			name = CordovaLib;
			targetProxy = 301BF550109A68C00062928A /* PBXContainerItemProxy */;
		};
/* End PBXTargetDependency section */

/* Begin XCBuildConfiguration section */
		1D6058940D05DD3E006BFB54 /* Debug */ = {
			isa = XCBuildConfiguration;
			baseConfigurationReference = 3047A50F1AB8059700498E2A /* build-debug.xcconfig */;
			buildSettings = {
				ALWAYS_SEARCH_USER_PATHS = NO;
				ASSETCATALOG_COMPILER_APPICON_NAME = AppIcon;
				ASSETCATALOG_COMPILER_LAUNCHIMAGE_NAME = LaunchImage;
				CLANG_ENABLE_MODULES = YES;
				CLANG_ENABLE_OBJC_ARC = YES;
				CODE_SIGN_ENTITLEMENTS = "Volonteri DCKZZ/Volonteri DCKZZ.entitlements";
				CODE_SIGN_IDENTITY = "iPhone Developer";
				"CODE_SIGN_IDENTITY[sdk=iphoneos*]" = "iPhone Developer";
				CODE_SIGN_STYLE = Automatic;
				COPY_PHASE_STRIP = NO;
				DEVELOPMENT_TEAM = 6A4897K8UN;
				FRAMEWORK_SEARCH_PATHS = (
					"$(inherited)",
					"\"Volonteri DCKZZ/Plugins/cordova-plugin-fcm\"",
					"\"Volonteri DCKZZ/Plugins/cordova-plugin-fcm\"",
					"\"Volonteri DCKZZ/Plugins/cordova-plugin-fcm\"",
					"\"Volonteri DCKZZ/Plugins/cordova-plugin-fcm\"",
					"\"Volonteri DCKZZ/Plugins/cordova-plugin-fcm\"",
					"\"Volonteri DCKZZ/Plugins/cordova-plugin-fcm\"",
					"\"Volonteri DCKZZ/Plugins/cordova-plugin-fcm\"",
					"\"Volonteri DCKZZ/Plugins/cordova-plugin-fcm\"",
					"\"Volonteri DCKZZ/Plugins/cordova-plugin-fcm\"",
					"\"Volonteri DCKZZ/Plugins/cordova-plugin-fcm\"",
					"\"Volonteri DCKZZ/Plugins/cordova-plugin-fcm\"",
					"\"Volonteri DCKZZ/Plugins/cordova-plugin-fcm\"",
					"\"Volonteri DCKZZ/Plugins/cordova-plugin-fcm\"",
					"\"Volonteri DCKZZ/Plugins/cordova-plugin-fcm\"",
					"\"Volonteri DCKZZ/Plugins/cordova-plugin-fcm\"",
					"\"Volonteri DCKZZ/Plugins/cordova-plugin-fcm\"",
				);
				GCC_DYNAMIC_NO_PIC = NO;
				GCC_OPTIMIZATION_LEVEL = 0;
				GCC_PRECOMPILE_PREFIX_HEADER = YES;
				GCC_PREFIX_HEADER = "Volonteri DCKZZ/Volonteri DCKZZ-Prefix.pch";
				GCC_THUMB_SUPPORT = NO;
				GCC_VERSION = "";
				INFOPLIST_FILE = "Volonteri DCKZZ/Volonteri DCKZZ-Info.plist";
				IPHONEOS_DEPLOYMENT_TARGET = 9.0;
				LD_RUNPATH_SEARCH_PATHS = "@executable_path/Frameworks";
				PRODUCT_NAME = "Volonteri DCKZZ";
				PROVISIONING_PROFILE_SPECIFIER = "";
				TARGETED_DEVICE_FAMILY = "1,2";
			};
			name = Debug;
		};
		1D6058950D05DD3E006BFB54 /* Release */ = {
			isa = XCBuildConfiguration;
			baseConfigurationReference = 3047A5101AB8059700498E2A /* build-release.xcconfig */;
			buildSettings = {
				ALWAYS_SEARCH_USER_PATHS = NO;
				ASSETCATALOG_COMPILER_APPICON_NAME = AppIcon;
				ASSETCATALOG_COMPILER_LAUNCHIMAGE_NAME = LaunchImage;
				CLANG_ENABLE_MODULES = YES;
				CLANG_ENABLE_OBJC_ARC = YES;
				CODE_SIGN_ENTITLEMENTS = "Volonteri DCKZZ/Volonteri DCKZZ.entitlements";
				CODE_SIGN_IDENTITY = "iPhone Developer";
				"CODE_SIGN_IDENTITY[sdk=iphoneos*]" = "iPhone Developer";
				CODE_SIGN_STYLE = Automatic;
				COPY_PHASE_STRIP = YES;
				DEVELOPMENT_TEAM = 6A4897K8UN;
				FRAMEWORK_SEARCH_PATHS = (
					"$(inherited)",
					"\"Volonteri DCKZZ/Plugins/cordova-plugin-fcm\"",
					"\"Volonteri DCKZZ/Plugins/cordova-plugin-fcm\"",
					"\"Volonteri DCKZZ/Plugins/cordova-plugin-fcm\"",
					"\"Volonteri DCKZZ/Plugins/cordova-plugin-fcm\"",
					"\"Volonteri DCKZZ/Plugins/cordova-plugin-fcm\"",
					"\"Volonteri DCKZZ/Plugins/cordova-plugin-fcm\"",
					"\"Volonteri DCKZZ/Plugins/cordova-plugin-fcm\"",
					"\"Volonteri DCKZZ/Plugins/cordova-plugin-fcm\"",
					"\"Volonteri DCKZZ/Plugins/cordova-plugin-fcm\"",
					"\"Volonteri DCKZZ/Plugins/cordova-plugin-fcm\"",
					"\"Volonteri DCKZZ/Plugins/cordova-plugin-fcm\"",
					"\"Volonteri DCKZZ/Plugins/cordova-plugin-fcm\"",
					"\"Volonteri DCKZZ/Plugins/cordova-plugin-fcm\"",
					"\"Volonteri DCKZZ/Plugins/cordova-plugin-fcm\"",
					"\"Volonteri DCKZZ/Plugins/cordova-plugin-fcm\"",
					"\"Volonteri DCKZZ/Plugins/cordova-plugin-fcm\"",
				);
				GCC_PRECOMPILE_PREFIX_HEADER = YES;
				GCC_PREFIX_HEADER = "Volonteri DCKZZ/Volonteri DCKZZ-Prefix.pch";
				GCC_THUMB_SUPPORT = NO;
				GCC_VERSION = "";
				INFOPLIST_FILE = "Volonteri DCKZZ/Volonteri DCKZZ-Info.plist";
				IPHONEOS_DEPLOYMENT_TARGET = 9.0;
				LD_RUNPATH_SEARCH_PATHS = "@executable_path/Frameworks";
				PRODUCT_NAME = "Volonteri DCKZZ";
				PROVISIONING_PROFILE_SPECIFIER = "";
				TARGETED_DEVICE_FAMILY = "1,2";
			};
			name = Release;
		};
		C01FCF4F08A954540054247B /* Debug */ = {
			isa = XCBuildConfiguration;
			baseConfigurationReference = 3047A5111AB8059700498E2A /* build.xcconfig */;
			buildSettings = {
				CLANG_ENABLE_MODULES = YES;
				CLANG_ENABLE_OBJC_ARC = YES;
				CLANG_WARN_BOOL_CONVERSION = YES;
				CLANG_WARN_CONSTANT_CONVERSION = YES;
				CLANG_WARN_EMPTY_BODY = YES;
				CLANG_WARN_ENUM_CONVERSION = YES;
				CLANG_WARN_INT_CONVERSION = YES;
				CLANG_WARN__DUPLICATE_METHOD_MATCH = YES;
				GCC_C_LANGUAGE_STANDARD = c99;
				GCC_THUMB_SUPPORT = NO;
				GCC_VERSION = "";
				GCC_WARN_ABOUT_RETURN_TYPE = YES;
				GCC_WARN_UNDECLARED_SELECTOR = YES;
				GCC_WARN_UNINITIALIZED_AUTOS = YES;
				GCC_WARN_UNUSED_FUNCTION = YES;
				GCC_WARN_UNUSED_VARIABLE = YES;
				ONLY_ACTIVE_ARCH = YES;
				SDKROOT = iphoneos;
				SKIP_INSTALL = NO;
			};
			name = Debug;
		};
		C01FCF5008A954540054247B /* Release */ = {
			isa = XCBuildConfiguration;
			baseConfigurationReference = 3047A5111AB8059700498E2A /* build.xcconfig */;
			buildSettings = {
				CLANG_ENABLE_MODULES = YES;
				CLANG_ENABLE_OBJC_ARC = YES;
				CLANG_WARN_BOOL_CONVERSION = YES;
				CLANG_WARN_CONSTANT_CONVERSION = YES;
				CLANG_WARN_EMPTY_BODY = YES;
				CLANG_WARN_ENUM_CONVERSION = YES;
				CLANG_WARN_INT_CONVERSION = YES;
				CLANG_WARN__DUPLICATE_METHOD_MATCH = YES;
				GCC_C_LANGUAGE_STANDARD = c99;
				GCC_THUMB_SUPPORT = NO;
				GCC_VERSION = "";
				GCC_WARN_ABOUT_RETURN_TYPE = YES;
				GCC_WARN_UNDECLARED_SELECTOR = YES;
				GCC_WARN_UNINITIALIZED_AUTOS = YES;
				GCC_WARN_UNUSED_FUNCTION = YES;
				GCC_WARN_UNUSED_VARIABLE = YES;
				SDKROOT = iphoneos;
				SKIP_INSTALL = NO;
			};
			name = Release;
		};
/* End XCBuildConfiguration section */

/* Begin XCConfigurationList section */
		1D6058960D05DD3E006BFB54 /* Build configuration list for PBXNativeTarget "Volonteri DCKZZ" */ = {
			isa = XCConfigurationList;
			buildConfigurations = (
				1D6058940D05DD3E006BFB54 /* Debug */,
				1D6058950D05DD3E006BFB54 /* Release */,
			);
			defaultConfigurationIsVisible = 0;
			defaultConfigurationName = Release;
		};
		C01FCF4E08A954540054247B /* Build configuration list for PBXProject "Volonteri DCKZZ" */ = {
			isa = XCConfigurationList;
			buildConfigurations = (
				C01FCF4F08A954540054247B /* Debug */,
				C01FCF5008A954540054247B /* Release */,
			);
			defaultConfigurationIsVisible = 0;
			defaultConfigurationName = Release;
		};
/* End XCConfigurationList section */
	};
	rootObject = 29B97313FDCFA39411CA2CEA /* Project object */;
}
